
Microsoft Visual Studio Solution File, Format Version 12.00
# Visual Studio Version 17
VisualStudioVersion = 17.1.32414.318
MinimumVisualStudioVersion = 10.0.40219.1
Project("{FAE04EC0-301F-11D3-BF4B-00C04F79EFBC}") = "Cheques_Por_Extenso", "Cheques_Por_Extenso\Cheques_Por_Extenso.csproj", "{D40E7F22-BBB6-4480-8C74-8CD9B6A943D7}"
EndProject
Project("{FAE04EC0-301F-11D3-BF4B-00C04F79EFBC}") = "Teste_ChequesPorExtenso", "Teste_ChequesPorExtenso\Teste_ChequesPorExtenso.csproj", "{12A7441B-3A76-4D2F-9949-FD25E50D085C}"
EndProject
Global
	GlobalSection(SolutionConfigurationPlatforms) = preSolution
		Debug|Any CPU = Debug|Any CPU
		Release|Any CPU = Release|Any CPU
	EndGlobalSection
	GlobalSection(ProjectConfigurationPlatforms) = postSolution
		{D40E7F22-BBB6-4480-8C74-8CD9B6A943D7}.Debug|Any CPU.ActiveCfg = Debug|Any CPU
		{D40E7F22-BBB6-4480-8C74-8CD9B6A943D7}.Debug|Any CPU.Build.0 = Debug|Any CPU
		{D40E7F22-BBB6-4480-8C74-8CD9B6A943D7}.Release|Any CPU.ActiveCfg = Release|Any CPU
		{D40E7F22-BBB6-4480-8C74-8CD9B6A943D7}.Release|Any CPU.Build.0 = Release|Any CPU
		{12A7441B-3A76-4D2F-9949-FD25E50D085C}.Debug|Any CPU.ActiveCfg = Debug|Any CPU
		{12A7441B-3A76-4D2F-9949-FD25E50D085C}.Debug|Any CPU.Build.0 = Debug|Any CPU
		{12A7441B-3A76-4D2F-9949-FD25E50D085C}.Release|Any CPU.ActiveCfg = Release|Any CPU
		{12A7441B-3A76-4D2F-9949-FD25E50D085C}.Release|Any CPU.Build.0 = Release|Any CPU
	EndGlobalSection
	GlobalSection(SolutionProperties) = preSolution
		HideSolutionNode = FALSE
	EndGlobalSection
	GlobalSection(ExtensibilityGlobals) = postSolution
		SolutionGuid = {A6DE1CE3-5ED3-412A-A565-B667CD186A37}
	EndGlobalSection
EndGlobal
